// !$*UTF8*$!
{
	archiveVersion = 1;
	classes = {
	};
	objectVersion = 46;
	objects = {

/* Begin PBXBuildFile section */
		899976021C31749A00DC045C /* AppDelegate.swift in Sources */ = {isa = PBXBuildFile; fileRef = 899976011C31749A00DC045C /* AppDelegate.swift */; };
		899976041C31749A00DC045C /* ViewController.swift in Sources */ = {isa = PBXBuildFile; fileRef = 899976031C31749A00DC045C /* ViewController.swift */; };
		899976071C31749A00DC045C /* Main.storyboard in Resources */ = {isa = PBXBuildFile; fileRef = 899976051C31749A00DC045C /* Main.storyboard */; };
		899976091C31749A00DC045C /* Assets.xcassets in Resources */ = {isa = PBXBuildFile; fileRef = 899976081C31749A00DC045C /* Assets.xcassets */; };
		8999760C1C31749A00DC045C /* LaunchScreen.storyboard in Resources */ = {isa = PBXBuildFile; fileRef = 8999760A1C31749A00DC045C /* LaunchScreen.storyboard */; };
		899976171C31749A00DC045C /* TutorialTests.swift in Sources */ = {isa = PBXBuildFile; fileRef = 899976161C31749A00DC045C /* TutorialTests.swift */; };
		899976221C31749A00DC045C /* TutorialUITests.swift in Sources */ = {isa = PBXBuildFile; fileRef = 899976211C31749A00DC045C /* TutorialUITests.swift */; };
/* End PBXBuildFile section */

/* Begin PBXContainerItemProxy section */
		899976131C31749A00DC045C /* PBXContainerItemProxy */ = {
			isa = PBXContainerItemProxy;
			containerPortal = 899975F61C31749900DC045C /* Project object */;
			proxyType = 1;
			remoteGlobalIDString = 899975FD1C31749900DC045C;
			remoteInfo = Tutorial;
		};
		8999761E1C31749A00DC045C /* PBXContainerItemProxy */ = {
			isa = PBXContainerItemProxy;
			containerPortal = 899975F61C31749900DC045C /* Project object */;
			proxyType = 1;
			remoteGlobalIDString = 899975FD1C31749900DC045C;
			remoteInfo = Tutorial;
		};
/* End PBXContainerItemProxy section */

/* Begin PBXFileReference section */
		899975FE1C31749A00DC045C /* Tutorial.app */ = {isa = PBXFileReference; explicitFileType = wrapper.application; includeInIndex = 0; path = Tutorial.app; sourceTree = BUILT_PRODUCTS_DIR; };
		899976011C31749A00DC045C /* AppDelegate.swift */ = {isa = PBXFileReference; lastKnownFileType = sourcecode.swift; path = AppDelegate.swift; sourceTree = "<group>"; };
		899976031C31749A00DC045C /* ViewController.swift */ = {isa = PBXFileReference; lastKnownFileType = sourcecode.swift; path = ViewController.swift; sourceTree = "<group>"; };
		899976061C31749A00DC045C /* Base */ = {isa = PBXFileReference; lastKnownFileType = file.storyboard; name = Base; path = Base.lproj/Main.storyboard; sourceTree = "<group>"; };
		899976081C31749A00DC045C /* Assets.xcassets */ = {isa = PBXFileReference; lastKnownFileType = folder.assetcatalog; path = Assets.xcassets; sourceTree = "<group>"; };
		8999760B1C31749A00DC045C /* Base */ = {isa = PBXFileReference; lastKnownFileType = file.storyboard; name = Base; path = Base.lproj/LaunchScreen.storyboard; sourceTree = "<group>"; };
		8999760D1C31749A00DC045C /* Info.plist */ = {isa = PBXFileReference; lastKnownFileType = text.plist.xml; path = Info.plist; sourceTree = "<group>"; };
		899976121C31749A00DC045C /* TutorialTests.xctest */ = {isa = PBXFileReference; explicitFileType = wrapper.cfbundle; includeInIndex = 0; path = TutorialTests.xctest; sourceTree = BUILT_PRODUCTS_DIR; };
		899976161C31749A00DC045C /* TutorialTests.swift */ = {isa = PBXFileReference; lastKnownFileType = sourcecode.swift; path = TutorialTests.swift; sourceTree = "<group>"; };
		899976181C31749A00DC045C /* Info.plist */ = {isa = PBXFileReference; lastKnownFileType = text.plist.xml; path = Info.plist; sourceTree = "<group>"; };
		8999761D1C31749A00DC045C /* TutorialUITests.xctest */ = {isa = PBXFileReference; explicitFileType = wrapper.cfbundle; includeInIndex = 0; path = TutorialUITests.xctest; sourceTree = BUILT_PRODUCTS_DIR; };
		899976211C31749A00DC045C /* TutorialUITests.swift */ = {isa = PBXFileReference; lastKnownFileType = sourcecode.swift; path = TutorialUITests.swift; sourceTree = "<group>"; };
		899976231C31749A00DC045C /* Info.plist */ = {isa = PBXFileReference; lastKnownFileType = text.plist.xml; path = Info.plist; sourceTree = "<group>"; };
/* End PBXFileReference section */

/* Begin PBXFrameworksBuildPhase section */
		899975FB1C31749900DC045C /* Frameworks */ = {
			isa = PBXFrameworksBuildPhase;
			buildActionMask = 2147483647;
			files = (
			);
			runOnlyForDeploymentPostprocessing = 0;
		};
		8999760F1C31749A00DC045C /* Frameworks */ = {
			isa = PBXFrameworksBuildPhase;
			buildActionMask = 2147483647;
			files = (
			);
			runOnlyForDeploymentPostprocessing = 0;
		};
		8999761A1C31749A00DC045C /* Frameworks */ = {
			isa = PBXFrameworksBuildPhase;
			buildActionMask = 2147483647;
			files = (
			);
			runOnlyForDeploymentPostprocessing = 0;
		};
/* End PBXFrameworksBuildPhase section */

/* Begin PBXGroup section */
		899975F51C31749900DC045C = {
			isa = PBXGroup;
			children = (
				899976001C31749A00DC045C /* Tutorial */,
				899976151C31749A00DC045C /* TutorialTests */,
				899976201C31749A00DC045C /* TutorialUITests */,
				899975FF1C31749A00DC045C /* Products */,
			);
			sourceTree = "<group>";
		};
		899975FF1C31749A00DC045C /* Products */ = {
			isa = PBXGroup;
			children = (
				899975FE1C31749A00DC045C /* Tutorial.app */,
				899976121C31749A00DC045C /* TutorialTests.xctest */,
				8999761D1C31749A00DC045C /* TutorialUITests.xctest */,
			);
			name = Products;
			sourceTree = "<group>";
		};
		899976001C31749A00DC045C /* Tutorial */ = {
			isa = PBXGroup;
			children = (
				899976011C31749A00DC045C /* AppDelegate.swift */,
				899976031C31749A00DC045C /* ViewController.swift */,
				899976051C31749A00DC045C /* Main.storyboard */,
				899976081C31749A00DC045C /* Assets.xcassets */,
				8999760A1C31749A00DC045C /* LaunchScreen.storyboard */,
				8999760D1C31749A00DC045C /* Info.plist */,
			);
			path = Tutorial;
			sourceTree = "<group>";
		};
		899976151C31749A00DC045C /* TutorialTests */ = {
			isa = PBXGroup;
			children = (
				899976161C31749A00DC045C /* TutorialTests.swift */,
				899976181C31749A00DC045C /* Info.plist */,
			);
			path = TutorialTests;
			sourceTree = "<group>";
		};
		899976201C31749A00DC045C /* TutorialUITests */ = {
			isa = PBXGroup;
			children = (
				899976211C31749A00DC045C /* TutorialUITests.swift */,
				899976231C31749A00DC045C /* Info.plist */,
			);
			path = TutorialUITests;
			sourceTree = "<group>";
		};
/* End PBXGroup section */

/* Begin PBXNativeTarget section */
		899975FD1C31749900DC045C /* Tutorial */ = {
			isa = PBXNativeTarget;
			buildConfigurationList = 899976261C31749A00DC045C /* Build configuration list for PBXNativeTarget "Tutorial" */;
			buildPhases = (
				899975FA1C31749900DC045C /* Sources */,
				899975FB1C31749900DC045C /* Frameworks */,
				899975FC1C31749900DC045C /* Resources */,
			);
			buildRules = (
			);
			dependencies = (
			);
			name = Tutorial;
			productName = Tutorial;
			productReference = 899975FE1C31749A00DC045C /* Tutorial.app */;
			productType = "com.apple.product-type.application";
		};
		899976111C31749A00DC045C /* TutorialTests */ = {
			isa = PBXNativeTarget;
			buildConfigurationList = 899976291C31749A00DC045C /* Build configuration list for PBXNativeTarget "TutorialTests" */;
			buildPhases = (
				8999760E1C31749A00DC045C /* Sources */,
				8999760F1C31749A00DC045C /* Frameworks */,
				899976101C31749A00DC045C /* Resources */,
			);
			buildRules = (
			);
			dependencies = (
				899976141C31749A00DC045C /* PBXTargetDependency */,
			);
			name = TutorialTests;
			productName = TutorialTests;
			productReference = 899976121C31749A00DC045C /* TutorialTests.xctest */;
			productType = "com.apple.product-type.bundle.unit-test";
		};
		8999761C1C31749A00DC045C /* TutorialUITests */ = {
			isa = PBXNativeTarget;
			buildConfigurationList = 8999762C1C31749A00DC045C /* Build configuration list for PBXNativeTarget "TutorialUITests" */;
			buildPhases = (
				899976191C31749A00DC045C /* Sources */,
				8999761A1C31749A00DC045C /* Frameworks */,
				8999761B1C31749A00DC045C /* Resources */,
			);
			buildRules = (
			);
			dependencies = (
				8999761F1C31749A00DC045C /* PBXTargetDependency */,
			);
			name = TutorialUITests;
			productName = TutorialUITests;
			productReference = 8999761D1C31749A00DC045C /* TutorialUITests.xctest */;
			productType = "com.apple.product-type.bundle.ui-testing";
		};
/* End PBXNativeTarget section */

/* Begin PBXProject section */
		899975F61C31749900DC045C /* Project object */ = {
			isa = PBXProject;
			attributes = {
				LastSwiftUpdateCheck = 0720;
				LastUpgradeCheck = 0720;
				ORGANIZATIONNAME = youngmoon;
				TargetAttributes = {
					899975FD1C31749900DC045C = {
						CreatedOnToolsVersion = 7.2;
						DevelopmentTeam = E443AQF8J6;
					};
					899976111C31749A00DC045C = {
						CreatedOnToolsVersion = 7.2;
						DevelopmentTeam = E443AQF8J6;
						TestTargetID = 899975FD1C31749900DC045C;
					};
					8999761C1C31749A00DC045C = {
						CreatedOnToolsVersion = 7.2;
						DevelopmentTeam = E443AQF8J6;
						TestTargetID = 899975FD1C31749900DC045C;
					};
				};
			};
			buildConfigurationList = 899975F91C31749900DC045C /* Build configuration list for PBXProject "Tutorial" */;
			compatibilityVersion = "Xcode 3.2";
			developmentRegion = English;
			hasScannedForEncodings = 0;
			knownRegions = (
				en,
				Base,
			);
			mainGroup = 899975F51C31749900DC045C;
			productRefGroup = 899975FF1C31749A00DC045C /* Products */;
			projectDirPath = "";
			projectRoot = "";
			targets = (
				899975FD1C31749900DC045C /* Tutorial */,
				899976111C31749A00DC045C /* TutorialTests */,
				8999761C1C31749A00DC045C /* TutorialUITests */,
			);
		};
/* End PBXProject section */

/* Begin PBXResourcesBuildPhase section */
		899975FC1C31749900DC045C /* Resources */ = {
			isa = PBXResourcesBuildPhase;
			buildActionMask = 2147483647;
			files = (
				8999760C1C31749A00DC045C /* LaunchScreen.storyboard in Resources */,
				899976091C31749A00DC045C /* Assets.xcassets in Resources */,
				899976071C31749A00DC045C /* Main.storyboard in Resources */,
			);
			runOnlyForDeploymentPostprocessing = 0;
		};
		899976101C31749A00DC045C /* Resources */ = {
			isa = PBXResourcesBuildPhase;
			buildActionMask = 2147483647;
			files = (
			);
			runOnlyForDeploymentPostprocessing = 0;
		};
		8999761B1C31749A00DC045C /* Resources */ = {
			isa = PBXResourcesBuildPhase;
			buildActionMask = 2147483647;
			files = (
			);
			runOnlyForDeploymentPostprocessing = 0;
		};
/* End PBXResourcesBuildPhase section */

/* Begin PBXSourcesBuildPhase section */
		899975FA1C31749900DC045C /* Sources */ = {
			isa = PBXSourcesBuildPhase;
			buildActionMask = 2147483647;
			files = (
				899976041C31749A00DC045C /* ViewController.swift in Sources */,
				899976021C31749A00DC045C /* AppDelegate.swift in Sources */,
			);
			runOnlyForDeploymentPostprocessing = 0;
		};
		8999760E1C31749A00DC045C /* Sources */ = {
			isa = PBXSourcesBuildPhase;
			buildActionMask = 2147483647;
			files = (
				899976171C31749A00DC045C /* TutorialTests.swift in Sources */,
			);
			runOnlyForDeploymentPostprocessing = 0;
		};
		899976191C31749A00DC045C /* Sources */ = {
			isa = PBXSourcesBuildPhase;
			buildActionMask = 2147483647;
			files = (
				899976221C31749A00DC045C /* TutorialUITests.swift in Sources */,
			);
			runOnlyForDeploymentPostprocessing = 0;
		};
/* End PBXSourcesBuildPhase section */

/* Begin PBXTargetDependency section */
		899976141C31749A00DC045C /* PBXTargetDependency */ = {
			isa = PBXTargetDependency;
			target = 899975FD1C31749900DC045C /* Tutorial */;
			targetProxy = 899976131C31749A00DC045C /* PBXContainerItemProxy */;
		};
		8999761F1C31749A00DC045C /* PBXTargetDependency */ = {
			isa = PBXTargetDependency;
			target = 899975FD1C31749900DC045C /* Tutorial */;
			targetProxy = 8999761E1C31749A00DC045C /* PBXContainerItemProxy */;
		};
/* End PBXTargetDependency section */

/* Begin PBXVariantGroup section */
		899976051C31749A00DC045C /* Main.storyboard */ = {
			isa = PBXVariantGroup;
			children = (
				899976061C31749A00DC045C /* Base */,
			);
			name = Main.storyboard;
			sourceTree = "<group>";
		};
		8999760A1C31749A00DC045C /* LaunchScreen.storyboard */ = {
			isa = PBXVariantGroup;
			children = (
				8999760B1C31749A00DC045C /* Base */,
			);
			name = LaunchScreen.storyboard;
			sourceTree = "<group>";
		};
/* End PBXVariantGroup section */

/* Begin XCBuildConfiguration section */
		899976241C31749A00DC045C /* Debug */ = {
			isa = XCBuildConfiguration;
			buildSettings = {
				ALWAYS_SEARCH_USER_PATHS = NO;
				CLANG_CXX_LANGUAGE_STANDARD = "gnu++0x";
				CLANG_CXX_LIBRARY = "libc++";
				CLANG_ENABLE_MODULES = YES;
				CLANG_ENABLE_OBJC_ARC = YES;
				CLANG_WARN_BOOL_CONVERSION = YES;
				CLANG_WARN_CONSTANT_CONVERSION = YES;
				CLANG_WARN_DIRECT_OBJC_ISA_USAGE = YES_ERROR;
				CLANG_WARN_EMPTY_BODY = YES;
				CLANG_WARN_ENUM_CONVERSION = YES;
				CLANG_WARN_INT_CONVERSION = YES;
				CLANG_WARN_OBJC_ROOT_CLASS = YES_ERROR;
				CLANG_WARN_UNREACHABLE_CODE = YES;
				CLANG_WARN__DUPLICATE_METHOD_MATCH = YES;
				"CODE_SIGN_IDENTITY[sdk=iphoneos*]" = "iPhone Developer";
				COPY_PHASE_STRIP = NO;
				DEBUG_INFORMATION_FORMAT = dwarf;
				ENABLE_STRICT_OBJC_MSGSEND = YES;
				ENABLE_TESTABILITY = YES;
				GCC_C_LANGUAGE_STANDARD = gnu99;
				GCC_DYNAMIC_NO_PIC = NO;
				GCC_NO_COMMON_BLOCKS = YES;
				GCC_OPTIMIZATION_LEVEL = 0;
				GCC_PREPROCESSOR_DEFINITIONS = (
					"DEBUG=1",
					"$(inherited)",
				);
				GCC_WARN_64_TO_32_BIT_CONVERSION = YES;
				GCC_WARN_ABOUT_RETURN_TYPE = YES_ERROR;
				GCC_WARN_UNDECLARED_SELECTOR = YES;
				GCC_WARN_UNINITIALIZED_AUTOS = YES_AGGRESSIVE;
				GCC_WARN_UNUSED_FUNCTION = YES;
				GCC_WARN_UNUSED_VARIABLE = YES;
				IPHONEOS_DEPLOYMENT_TARGET = 9.2;
				MTL_ENABLE_DEBUG_INFO = YES;
				ONLY_ACTIVE_ARCH = YES;
				SDKROOT = iphoneos;
				SWIFT_OPTIMIZATION_LEVEL = "-Onone";
				TARGETED_DEVICE_FAMILY = "1,2";
			};
			name = Debug;
		};
		899976251C31749A00DC045C /* Release */ = {
			isa = XCBuildConfiguration;
			buildSettings = {
				ALWAYS_SEARCH_USER_PATHS = NO;
				CLANG_CXX_LANGUAGE_STANDARD = "gnu++0x";
				CLANG_CXX_LIBRARY = "libc++";
				CLANG_ENABLE_MODULES = YES;
				CLANG_ENABLE_OBJC_ARC = YES;
				CLANG_WARN_BOOL_CONVERSION = YES;
				CLANG_WARN_CONSTANT_CONVERSION = YES;
				CLANG_WARN_DIRECT_OBJC_ISA_USAGE = YES_ERROR;
				CLANG_WARN_EMPTY_BODY = YES;
				CLANG_WARN_ENUM_CONVERSION = YES;
				CLANG_WARN_INT_CONVERSION = YES;
				CLANG_WARN_OBJC_ROOT_CLASS = YES_ERROR;
				CLANG_WARN_UNREACHABLE_CODE = YES;
				CLANG_WARN__DUPLICATE_METHOD_MATCH = YES;
				"CODE_SIGN_IDENTITY[sdk=iphoneos*]" = "iPhone Developer";
				COPY_PHASE_STRIP = NO;
				DEBUG_INFORMATION_FORMAT = "dwarf-with-dsym";
				ENABLE_NS_ASSERTIONS = NO;
				ENABLE_STRICT_OBJC_MSGSEND = YES;
				GCC_C_LANGUAGE_STANDARD = gnu99;
				GCC_NO_COMMON_BLOCKS = YES;
				GCC_WARN_64_TO_32_BIT_CONVERSION = YES;
				GCC_WARN_ABOUT_RETURN_TYPE = YES_ERROR;
				GCC_WARN_UNDECLARED_SELECTOR = YES;
				GCC_WARN_UNINITIALIZED_AUTOS = YES_AGGRESSIVE;
				GCC_WARN_UNUSED_FUNCTION = YES;
				GCC_WARN_UNUSED_VARIABLE = YES;
				IPHONEOS_DEPLOYMENT_TARGET = 9.2;
				MTL_ENABLE_DEBUG_INFO = NO;
				SDKROOT = iphoneos;
				TARGETED_DEVICE_FAMILY = "1,2";
				VALIDATE_PRODUCT = YES;
			};
			name = Release;
		};
		899976271C31749A00DC045C /* Debug */ = {
			isa = XCBuildConfiguration;
			buildSettings = {
				ASSETCATALOG_COMPILER_APPICON_NAME = AppIcon;
				INFOPLIST_FILE = Tutorial/Info.plist;
				LD_RUNPATH_SEARCH_PATHS = "$(inherited) @executable_path/Frameworks";
				PRODUCT_BUNDLE_IDENTIFIER = youngmoon.Tutorial;
				PRODUCT_NAME = "$(TARGET_NAME)";
			};
			name = Debug;
		};
		899976281C31749A00DC045C /* Release */ = {
			isa = XCBuildConfiguration;
			buildSettings = {
				ASSETCATALOG_COMPILER_APPICON_NAME = AppIcon;
				INFOPLIST_FILE = Tutorial/Info.plist;
				LD_RUNPATH_SEARCH_PATHS = "$(inherited) @executable_path/Frameworks";
				PRODUCT_BUNDLE_IDENTIFIER = youngmoon.Tutorial;
				PRODUCT_NAME = "$(TARGET_NAME)";
			};
			name = Release;
		};
		8999762A1C31749A00DC045C /* Debug */ = {
			isa = XCBuildConfiguration;
			buildSettings = {
				BUNDLE_LOADER = "$(TEST_HOST)";
				INFOPLIST_FILE = TutorialTests/Info.plist;
				LD_RUNPATH_SEARCH_PATHS = "$(inherited) @executable_path/Frameworks @loader_path/Frameworks";
				PRODUCT_BUNDLE_IDENTIFIER = youngmoon.TutorialTests;
				PRODUCT_NAME = "$(TARGET_NAME)";
				TEST_HOST = "$(BUILT_PRODUCTS_DIR)/Tutorial.app/Tutorial";
			};
			name = Debug;
		};
		8999762B1C31749A00DC045C /* Release */ = {
			isa = XCBuildConfiguration;
			buildSettings = {
				BUNDLE_LOADER = "$(TEST_HOST)";
				INFOPLIST_FILE = TutorialTests/Info.plist;
				LD_RUNPATH_SEARCH_PATHS = "$(inherited) @executable_path/Frameworks @loader_path/Frameworks";
				PRODUCT_BUNDLE_IDENTIFIER = youngmoon.TutorialTests;
				PRODUCT_NAME = "$(TARGET_NAME)";
				TEST_HOST = "$(BUILT_PRODUCTS_DIR)/Tutorial.app/Tutorial";
			};
			name = Release;
		};
		8999762D1C31749A00DC045C /* Debug */ = {
			isa = XCBuildConfiguration;
			buildSettings = {
				INFOPLIST_FILE = TutorialUITests/Info.plist;
				LD_RUNPATH_SEARCH_PATHS = "$(inherited) @executable_path/Frameworks @loader_path/Frameworks";
				PRODUCT_BUNDLE_IDENTIFIER = youngmoon.TutorialUITests;
				PRODUCT_NAME = "$(TARGET_NAME)";
				TEST_TARGET_NAME = Tutorial;
				USES_XCTRUNNER = YES;
			};
			name = Debug;
		};
		8999762E1C31749A00DC045C /* Release */ = {
			isa = XCBuildConfiguration;
			buildSettings = {
				INFOPLIST_FILE = TutorialUITests/Info.plist;
				LD_RUNPATH_SEARCH_PATHS = "$(inherited) @executable_path/Frameworks @loader_path/Frameworks";
				PRODUCT_BUNDLE_IDENTIFIER = youngmoon.TutorialUITests;
				PRODUCT_NAME = "$(TARGET_NAME)";
				TEST_TARGET_NAME = Tutorial;
				USES_XCTRUNNER = YES;
			};
			name = Release;
		};
/* End XCBuildConfiguration section */

/* Begin XCConfigurationList section */
		899975F91C31749900DC045C /* Build configuration list for PBXProject "Tutorial" */ = {
			isa = XCConfigurationList;
			buildConfigurations = (
				899976241C31749A00DC045C /* Debug */,
				899976251C31749A00DC045C /* Release */,
			);
			defaultConfigurationIsVisible = 0;
			defaultConfigurationName = Release;
		};
		899976261C31749A00DC045C /* Build configuration list for PBXNativeTarget "Tutorial" */ = {
			isa = XCConfigurationList;
			buildConfigurations = (
				899976271C31749A00DC045C /* Debug */,
				899976281C31749A00DC045C /* Release */,
			);
			defaultConfigurationIsVisible = 0;
		};
		899976291C31749A00DC045C /* Build configuration list for PBXNativeTarget "TutorialTests" */ = {
			isa = XCConfigurationList;
			buildConfigurations = (
				8999762A1C31749A00DC045C /* Debug */,
				8999762B1C31749A00DC045C /* Release */,
			);
			defaultConfigurationIsVisible = 0;
		};
		8999762C1C31749A00DC045C /* Build configuration list for PBXNativeTarget "TutorialUITests" */ = {
			isa = XCConfigurationList;
			buildConfigurations = (
				8999762D1C31749A00DC045C /* Debug */,
				8999762E1C31749A00DC045C /* Release */,
			);
			defaultConfigurationIsVisible = 0;
		};
/* End XCConfigurationList section */
	};
	rootObject = 899975F61C31749900DC045C /* Project object */;
}
